
Microsoft Visual Studio Solution File, Format Version 12.00
# Visual Studio Version 17
VisualStudioVersion = 17.9.34622.214
MinimumVisualStudioVersion = 10.0.40219.1
Project("{8BC9CEB8-8B4A-11D0-8D11-00A0C91BC942}") = "CourseWorkAlgorithm", "CourseWorkAlgorithm\CourseWorkAlgorithm.vcxproj", "{44A05DC8-D3CD-4C81-9695-18B353D2A695}"
EndProject
Global
	GlobalSection(SolutionConfigurationPlatforms) = preSolution
		Debug|x64 = Debug|x64
		Debug|x86 = Debug|x86
		Release|x64 = Release|x64
		Release|x86 = Release|x86
	EndGlobalSection
	GlobalSection(ProjectConfigurationPlatforms) = postSolution
		{44A05DC8-D3CD-4C81-9695-18B353D2A695}.Debug|x64.ActiveCfg = Debug|x64
		{44A05DC8-D3CD-4C81-9695-18B353D2A695}.Debug|x64.Build.0 = Debug|x64
		{44A05DC8-D3CD-4C81-9695-18B353D2A695}.Debug|x86.ActiveCfg = Debug|Win32
		{44A05DC8-D3CD-4C81-9695-18B353D2A695}.Debug|x86.Build.0 = Debug|Win32
		{44A05DC8-D3CD-4C81-9695-18B353D2A695}.Release|x64.ActiveCfg = Release|x64
		{44A05DC8-D3CD-4C81-9695-18B353D2A695}.Release|x64.Build.0 = Release|x64
		{44A05DC8-D3CD-4C81-9695-18B353D2A695}.Release|x86.ActiveCfg = Release|Win32
		{44A05DC8-D3CD-4C81-9695-18B353D2A695}.Release|x86.Build.0 = Release|Win32
	EndGlobalSection
	GlobalSection(SolutionProperties) = preSolution
		HideSolutionNode = FALSE
	EndGlobalSection
	GlobalSection(ExtensibilityGlobals) = postSolution
		SolutionGuid = {99595486-B596-4721-BB36-EBC117F786E5}
	EndGlobalSection
EndGlobal
